{"1.1.0",
[{<<"cowboy">>,
  {git,"https://github.com/ninenines/cowboy",
       {ref,"5ff3fdd91e20a137b6378c7271826c1d94d4e3d2"}},
  0},
 {<<"cowlib">>,
  {git,"git://github.com/ninenines/cowlib.git",
       {ref,"d544a494af4dbc810fc9c15eaf5cc050cced1501"}},
  1},
 {<<"goldrush">>,{pkg,<<"goldrush">>,<<"0.1.9">>},1},
 {<<"jsx">>,
  {git,"https://github.com/talentdeficit/jsx.git",
       {ref,"3074d4865b3385a050badf7828ad31490d860df5"}},
  0},
 {<<"lager">>,
  {git,"https://github.com/erlang-lager/lager.git",
       {ref,"f26a8ea0f4c2ed6506a54e0b9890edd8148b9500"}},
  0},
 {<<"lager_syslog">>,
  {git,"https://github.com/basho/lager_syslog.git",
       {ref,"126dd0284fcac9b01613189a82facf8d803411a2"}},
  0},
 {<<"ranch">>,
  {git,"git://github.com/ninenines/ranch.git",
       {ref,"adf1822defc2b7cfdc7aca112adabfa1d614043c"}},
  1},
 {<<"syslog">>,
  {git,"git://github.com/Vagabond/erlang-syslog",
       {ref,"4a6c6f2c996483e86c1320e9553f91d337bcb6aa"}},
  0},
 {<<"worker_pool">>,{pkg,<<"worker_pool">>,<<"4.0.0">>},0}]}.
[
{pkg_hash,[
 {<<"goldrush">>, <<"F06E5D5F1277DA5C413E84D5A2924174182FB108DABB39D5EC548B27424CD106">>},
 {<<"worker_pool">>, <<"CD94D94D3B1A2442E54DB001B0B3BA0BD1F9D8098F4253F57228C021524BB55B">>}]}
].
